
Microsoft Visual Studio Solution File, Format Version 12.00
# Visual Studio Version 17
VisualStudioVersion = 17.8.34309.116
MinimumVisualStudioVersion = 10.0.40219.1
Project("{FAE04EC0-301F-11D3-BF4B-00C04F79EFBC}") = "IPE.SmsIrSamples.DotNetFramework", "IPE.SmsIrSamples.DotNetFramework\IPE.SmsIrSamples.DotNetFramework.csproj", "{9C529D98-D6A2-4ED5-BAA6-B1A6A4EC94C8}"
EndProject
Global
	GlobalSection(SolutionConfigurationPlatforms) = preSolution
		Debug|Any CPU = Debug|Any CPU
		Release|Any CPU = Release|Any CPU
	EndGlobalSection
	GlobalSection(ProjectConfigurationPlatforms) = postSolution
		{9C529D98-D6A2-4ED5-BAA6-B1A6A4EC94C8}.Debug|Any CPU.ActiveCfg = Debug|Any CPU
		{9C529D98-D6A2-4ED5-BAA6-B1A6A4EC94C8}.Debug|Any CPU.Build.0 = Debug|Any CPU
		{9C529D98-D6A2-4ED5-BAA6-B1A6A4EC94C8}.Release|Any CPU.ActiveCfg = Release|Any CPU
		{9C529D98-D6A2-4ED5-BAA6-B1A6A4EC94C8}.Release|Any CPU.Build.0 = Release|Any CPU
	EndGlobalSection
	GlobalSection(SolutionProperties) = preSolution
		HideSolutionNode = FALSE
	EndGlobalSection
	GlobalSection(ExtensibilityGlobals) = postSolution
		SolutionGuid = {73CAC1A9-41AF-4D8D-BD35-3AA13487B01B}
	EndGlobalSection
EndGlobal
